
Microsoft Visual Studio Solution File, Format Version 12.00
# Visual Studio Version 17
VisualStudioVersion = 17.12.35521.163
MinimumVisualStudioVersion = 10.0.40219.1
Project("{FAE04EC0-301F-11D3-BF4B-00C04F79EFBC}") = "ASPMonitor", "ASPMonitor.csproj", "{80964AD7-8A85-44C0-8C8B-4048329E4150}"
EndProject
Project("{54435603-DBB4-11D2-8724-00A0C9A8B90C}") = "ASPDashboard Setup", "ASPDashboard Setup\ASPDashboard Setup.vdproj", "{07540917-68E5-485D-9E61-C234388B0901}"
EndProject
Global
	GlobalSection(SolutionConfigurationPlatforms) = preSolution
		Debug|Any CPU = Debug|Any CPU
		Debug|ARM64 = Debug|ARM64
		Debug|x64 = Debug|x64
		Debug|x86 = Debug|x86
		Release|Any CPU = Release|Any CPU
		Release|ARM64 = Release|ARM64
		Release|x64 = Release|x64
		Release|x86 = Release|x86
	EndGlobalSection
	GlobalSection(ProjectConfigurationPlatforms) = postSolution
		{80964AD7-8A85-44C0-8C8B-4048329E4150}.Debug|Any CPU.ActiveCfg = Debug|Any CPU
		{80964AD7-8A85-44C0-8C8B-4048329E4150}.Debug|Any CPU.Build.0 = Debug|Any CPU
		{80964AD7-8A85-44C0-8C8B-4048329E4150}.Debug|ARM64.ActiveCfg = Debug|Any CPU
		{80964AD7-8A85-44C0-8C8B-4048329E4150}.Debug|x64.ActiveCfg = Debug|Any CPU
		{80964AD7-8A85-44C0-8C8B-4048329E4150}.Debug|x64.Build.0 = Debug|Any CPU
		{80964AD7-8A85-44C0-8C8B-4048329E4150}.Debug|x86.ActiveCfg = Debug|x86
		{80964AD7-8A85-44C0-8C8B-4048329E4150}.Debug|x86.Build.0 = Debug|x86
		{80964AD7-8A85-44C0-8C8B-4048329E4150}.Release|Any CPU.ActiveCfg = Release|Any CPU
		{80964AD7-8A85-44C0-8C8B-4048329E4150}.Release|Any CPU.Build.0 = Release|Any CPU
		{80964AD7-8A85-44C0-8C8B-4048329E4150}.Release|ARM64.ActiveCfg = Release|Any CPU
		{80964AD7-8A85-44C0-8C8B-4048329E4150}.Release|x64.ActiveCfg = Release|x64
		{80964AD7-8A85-44C0-8C8B-4048329E4150}.Release|x64.Build.0 = Release|x64
		{80964AD7-8A85-44C0-8C8B-4048329E4150}.Release|x86.ActiveCfg = Release|x86
		{80964AD7-8A85-44C0-8C8B-4048329E4150}.Release|x86.Build.0 = Release|x86
		{07540917-68E5-485D-9E61-C234388B0901}.Debug|Any CPU.ActiveCfg = Debug
		{07540917-68E5-485D-9E61-C234388B0901}.Debug|ARM64.ActiveCfg = Debug
		{07540917-68E5-485D-9E61-C234388B0901}.Debug|x64.ActiveCfg = Debug
		{07540917-68E5-485D-9E61-C234388B0901}.Debug|x86.ActiveCfg = Debug
		{07540917-68E5-485D-9E61-C234388B0901}.Release|Any CPU.ActiveCfg = Release
		{07540917-68E5-485D-9E61-C234388B0901}.Release|ARM64.ActiveCfg = Release
		{07540917-68E5-485D-9E61-C234388B0901}.Release|x64.ActiveCfg = Release
		{07540917-68E5-485D-9E61-C234388B0901}.Release|x86.ActiveCfg = Release
	EndGlobalSection
	GlobalSection(SolutionProperties) = preSolution
		HideSolutionNode = FALSE
	EndGlobalSection
EndGlobal
